
Microsoft Visual Studio Solution File, Format Version 12.00
# Visual Studio Version 16
VisualStudioVersion = 16.0.29613.14
MinimumVisualStudioVersion = 10.0.40219.1
Project("{9A19103F-16F7-4668-BE54-9A1E7A4F7556}") = "UWPX-Installer", "UWPX-Installer\UWPX-Installer.csproj", "{94F2CFAC-21A7-4F42-89E6-ABC3A506B196}"
EndProject
Project("{FAE04EC0-301F-11D3-BF4B-00C04F79EFBC}") = "Installer", "Installer\Installer.csproj", "{EEFF853E-0EFD-48D6-B033-8D6E7E03AB19}"
EndProject
Global
	GlobalSection(SolutionConfigurationPlatforms) = preSolution
		Debug|Any CPU = Debug|Any CPU
		Release|Any CPU = Release|Any CPU
	EndGlobalSection
	GlobalSection(ProjectConfigurationPlatforms) = postSolution
		{94F2CFAC-21A7-4F42-89E6-ABC3A506B196}.Debug|Any CPU.ActiveCfg = Debug|Any CPU
		{94F2CFAC-21A7-4F42-89E6-ABC3A506B196}.Debug|Any CPU.Build.0 = Debug|Any CPU
		{94F2CFAC-21A7-4F42-89E6-ABC3A506B196}.Release|Any CPU.ActiveCfg = Release|Any CPU
		{94F2CFAC-21A7-4F42-89E6-ABC3A506B196}.Release|Any CPU.Build.0 = Release|Any CPU
		{EEFF853E-0EFD-48D6-B033-8D6E7E03AB19}.Debug|Any CPU.ActiveCfg = Debug|Any CPU
		{EEFF853E-0EFD-48D6-B033-8D6E7E03AB19}.Debug|Any CPU.Build.0 = Debug|Any CPU
		{EEFF853E-0EFD-48D6-B033-8D6E7E03AB19}.Release|Any CPU.ActiveCfg = Release|Any CPU
		{EEFF853E-0EFD-48D6-B033-8D6E7E03AB19}.Release|Any CPU.Build.0 = Release|Any CPU
	EndGlobalSection
	GlobalSection(SolutionProperties) = preSolution
		HideSolutionNode = FALSE
	EndGlobalSection
	GlobalSection(ExtensibilityGlobals) = postSolution
		SolutionGuid = {1FC6E0BD-7632-46ED-9C53-483AADDF994D}
	EndGlobalSection
EndGlobal
